{
  "name": "sequence",
  "version": "1.0.0",
  "lockfileVersion": 3,
  "requires": true,
  "packages": {
    "": {
      "name": "sequence",
      "version": "1.0.0",
      "license": "ISC",
      "dependencies": {
        "@somnia-chain/reactivity-contracts": "^0.2.1"
      }
    },
    "node_modules/@somnia-chain/reactivity-contracts": {
      "version": "0.2.1",
      "resolved": "https://registry.npmjs.org/@somnia-chain/reactivity-contracts/-/reactivity-contracts-0.2.1.tgz",
      "integrity": "sha512-5F+whWQz9nTvP/3Mml/NZqF2+SBDHR6GZ1EEeZQlqpvnltNzA3y0y6gfm7axWIKBTuXcPgToYOF7TX6C4LoUbA==",
      "license": "MIT"
    }
  }
}
